
Microsoft Visual Studio Solution File, Format Version 12.00
# Visual Studio Version 16
VisualStudioVersion = 16.0.30204.135
MinimumVisualStudioVersion = 10.0.40219.1
Project("{FAE04EC0-301F-11D3-BF4B-00C04F79EFBC}") = "CC.RolePermission.Model", "CC.RolePermission.Model\CC.RolePermission.Model.csproj", "{3E581839-7F50-4EA7-84F7-096E4F821F5F}"
EndProject
Project("{FAE04EC0-301F-11D3-BF4B-00C04F79EFBC}") = "CC.RolePermission.EFDAL", "CC.RolePermission.EFDAL\CC.RolePermission.EFDAL.csproj", "{412BA584-A65D-46D2-B3B2-5FFB43B40638}"
EndProject
Project("{FAE04EC0-301F-11D3-BF4B-00C04F79EFBC}") = "CC.RolePermission.BLL", "CC.RolePermission.BLL\CC.RolePermission.BLL.csproj", "{63A0AB06-B72A-4429-B6F0-898F2ED3D21C}"
EndProject
Project("{FAE04EC0-301F-11D3-BF4B-00C04F79EFBC}") = "CC.RolePermission.Common", "CC.RolePermission.Common\CC.RolePermission.Common.csproj", "{CD436403-75BF-4A3F-8921-14F4CB8CFEBF}"
EndProject
Project("{FAE04EC0-301F-11D3-BF4B-00C04F79EFBC}") = "CC.RolePermission.UI.Portal", "CC.RolePermission.UI.Portal\CC.RolePermission.UI.Portal.csproj", "{24B7A3D7-D352-412F-80F4-31402DBE1578}"
EndProject
Project("{2150E333-8FDC-42A3-9474-1A3956D46DE8}") = "BLL", "BLL", "{97F67C3F-91C4-4F2F-800B-8799D0BE3461}"
EndProject
Project("{2150E333-8FDC-42A3-9474-1A3956D46DE8}") = "DAL", "DAL", "{C651BEAB-B0FF-436E-ABF3-85F5EEF007EA}"
EndProject
Project("{2150E333-8FDC-42A3-9474-1A3956D46DE8}") = "UI", "UI", "{95BF53AD-2A62-4A57-A237-C309B1C2B1EE}"
EndProject
Project("{2150E333-8FDC-42A3-9474-1A3956D46DE8}") = "Model", "Model", "{C601E379-8366-42D2-8C9C-D0F5FAD2665E}"
EndProject
Project("{2150E333-8FDC-42A3-9474-1A3956D46DE8}") = "Common", "Common", "{1F472776-DE51-4CCB-BDBA-06583CDE821E}"
EndProject
Project("{FAE04EC0-301F-11D3-BF4B-00C04F79EFBC}") = "CC.RolePermission.IDAL", "CC.RolePermission.IDAL\CC.RolePermission.IDAL.csproj", "{2F63EDFA-74FD-4EF3-8C56-88D44EACB96E}"
EndProject
Project("{FAE04EC0-301F-11D3-BF4B-00C04F79EFBC}") = "CC.RolePermission.DALFactory", "CC.RolePermission.DALFactory\CC.RolePermission.DALFactory.csproj", "{E78AAD1C-BF69-480B-BAFF-20330070DB7E}"
EndProject
Project("{FAE04EC0-301F-11D3-BF4B-00C04F79EFBC}") = "CC.RolePermission.IBLL", "CC.RolePermission.IBLL\CC.RolePermission.IBLL.csproj", "{B7E56FBC-2194-4B2E-92C1-C2AD6602E2C0}"
EndProject
Global
	GlobalSection(SolutionConfigurationPlatforms) = preSolution
		Debug|Any CPU = Debug|Any CPU
		Release|Any CPU = Release|Any CPU
	EndGlobalSection
	GlobalSection(ProjectConfigurationPlatforms) = postSolution
		{3E581839-7F50-4EA7-84F7-096E4F821F5F}.Debug|Any CPU.ActiveCfg = Debug|Any CPU
		{3E581839-7F50-4EA7-84F7-096E4F821F5F}.Debug|Any CPU.Build.0 = Debug|Any CPU
		{3E581839-7F50-4EA7-84F7-096E4F821F5F}.Release|Any CPU.ActiveCfg = Release|Any CPU
		{3E581839-7F50-4EA7-84F7-096E4F821F5F}.Release|Any CPU.Build.0 = Release|Any CPU
		{412BA584-A65D-46D2-B3B2-5FFB43B40638}.Debug|Any CPU.ActiveCfg = Debug|Any CPU
		{412BA584-A65D-46D2-B3B2-5FFB43B40638}.Debug|Any CPU.Build.0 = Debug|Any CPU
		{412BA584-A65D-46D2-B3B2-5FFB43B40638}.Release|Any CPU.ActiveCfg = Release|Any CPU
		{412BA584-A65D-46D2-B3B2-5FFB43B40638}.Release|Any CPU.Build.0 = Release|Any CPU
		{63A0AB06-B72A-4429-B6F0-898F2ED3D21C}.Debug|Any CPU.ActiveCfg = Debug|Any CPU
		{63A0AB06-B72A-4429-B6F0-898F2ED3D21C}.Debug|Any CPU.Build.0 = Debug|Any CPU
		{63A0AB06-B72A-4429-B6F0-898F2ED3D21C}.Release|Any CPU.ActiveCfg = Release|Any CPU
		{63A0AB06-B72A-4429-B6F0-898F2ED3D21C}.Release|Any CPU.Build.0 = Release|Any CPU
		{CD436403-75BF-4A3F-8921-14F4CB8CFEBF}.Debug|Any CPU.ActiveCfg = Debug|Any CPU
		{CD436403-75BF-4A3F-8921-14F4CB8CFEBF}.Debug|Any CPU.Build.0 = Debug|Any CPU
		{CD436403-75BF-4A3F-8921-14F4CB8CFEBF}.Release|Any CPU.ActiveCfg = Release|Any CPU
		{CD436403-75BF-4A3F-8921-14F4CB8CFEBF}.Release|Any CPU.Build.0 = Release|Any CPU
		{24B7A3D7-D352-412F-80F4-31402DBE1578}.Debug|Any CPU.ActiveCfg = Debug|Any CPU
		{24B7A3D7-D352-412F-80F4-31402DBE1578}.Debug|Any CPU.Build.0 = Debug|Any CPU
		{24B7A3D7-D352-412F-80F4-31402DBE1578}.Release|Any CPU.ActiveCfg = Release|Any CPU
		{24B7A3D7-D352-412F-80F4-31402DBE1578}.Release|Any CPU.Build.0 = Release|Any CPU
		{2F63EDFA-74FD-4EF3-8C56-88D44EACB96E}.Debug|Any CPU.ActiveCfg = Debug|Any CPU
		{2F63EDFA-74FD-4EF3-8C56-88D44EACB96E}.Debug|Any CPU.Build.0 = Debug|Any CPU
		{2F63EDFA-74FD-4EF3-8C56-88D44EACB96E}.Release|Any CPU.ActiveCfg = Release|Any CPU
		{2F63EDFA-74FD-4EF3-8C56-88D44EACB96E}.Release|Any CPU.Build.0 = Release|Any CPU
		{E78AAD1C-BF69-480B-BAFF-20330070DB7E}.Debug|Any CPU.ActiveCfg = Debug|Any CPU
		{E78AAD1C-BF69-480B-BAFF-20330070DB7E}.Debug|Any CPU.Build.0 = Debug|Any CPU
		{E78AAD1C-BF69-480B-BAFF-20330070DB7E}.Release|Any CPU.ActiveCfg = Release|Any CPU
		{E78AAD1C-BF69-480B-BAFF-20330070DB7E}.Release|Any CPU.Build.0 = Release|Any CPU
		{B7E56FBC-2194-4B2E-92C1-C2AD6602E2C0}.Debug|Any CPU.ActiveCfg = Debug|Any CPU
		{B7E56FBC-2194-4B2E-92C1-C2AD6602E2C0}.Debug|Any CPU.Build.0 = Debug|Any CPU
		{B7E56FBC-2194-4B2E-92C1-C2AD6602E2C0}.Release|Any CPU.ActiveCfg = Release|Any CPU
		{B7E56FBC-2194-4B2E-92C1-C2AD6602E2C0}.Release|Any CPU.Build.0 = Release|Any CPU
	EndGlobalSection
	GlobalSection(SolutionProperties) = preSolution
		HideSolutionNode = FALSE
	EndGlobalSection
	GlobalSection(NestedProjects) = preSolution
		{3E581839-7F50-4EA7-84F7-096E4F821F5F} = {C601E379-8366-42D2-8C9C-D0F5FAD2665E}
		{412BA584-A65D-46D2-B3B2-5FFB43B40638} = {C651BEAB-B0FF-436E-ABF3-85F5EEF007EA}
		{63A0AB06-B72A-4429-B6F0-898F2ED3D21C} = {97F67C3F-91C4-4F2F-800B-8799D0BE3461}
		{CD436403-75BF-4A3F-8921-14F4CB8CFEBF} = {1F472776-DE51-4CCB-BDBA-06583CDE821E}
		{24B7A3D7-D352-412F-80F4-31402DBE1578} = {95BF53AD-2A62-4A57-A237-C309B1C2B1EE}
		{2F63EDFA-74FD-4EF3-8C56-88D44EACB96E} = {C651BEAB-B0FF-436E-ABF3-85F5EEF007EA}
		{E78AAD1C-BF69-480B-BAFF-20330070DB7E} = {C651BEAB-B0FF-436E-ABF3-85F5EEF007EA}
		{B7E56FBC-2194-4B2E-92C1-C2AD6602E2C0} = {97F67C3F-91C4-4F2F-800B-8799D0BE3461}
	EndGlobalSection
	GlobalSection(ExtensibilityGlobals) = postSolution
		SolutionGuid = {0E11AF04-D417-4716-A166-DA0E5C5CD44B}
	EndGlobalSection
EndGlobal
